// !$*UTF8*$!
{
	archiveVersion = 1;
	classes = {
	};
	objectVersion = 46;
	objects = {

/* Begin PBXBuildFile section */
		84073CB61E17F6C50043097B /* main.m in Sources */ = {isa = PBXBuildFile; fileRef = 84073CB51E17F6C50043097B /* main.m */; };
		84073CB91E17F6C50043097B /* AKIAppDelegate.m in Sources */ = {isa = PBXBuildFile; fileRef = 84073CB81E17F6C50043097B /* AKIAppDelegate.m */; };
		84073CBF1E17F6C50043097B /* Main.storyboard in Resources */ = {isa = PBXBuildFile; fileRef = 84073CBD1E17F6C50043097B /* Main.storyboard */; };
		84073CC11E17F6C50043097B /* Assets.xcassets in Resources */ = {isa = PBXBuildFile; fileRef = 84073CC01E17F6C50043097B /* Assets.xcassets */; };
		84073CC41E17F6C50043097B /* LaunchScreen.storyboard in Resources */ = {isa = PBXBuildFile; fileRef = 84073CC21E17F6C50043097B /* LaunchScreen.storyboard */; };
		84073CE31E17F9640043097B /* AKIAbstractViewController.m in Sources */ = {isa = PBXBuildFile; fileRef = 84073CE21E17F9640043097B /* AKIAbstractViewController.m */; };
		84073CE71E17F9890043097B /* AKIVKLoginViewController.m in Sources */ = {isa = PBXBuildFile; fileRef = 84073CE51E17F9890043097B /* AKIVKLoginViewController.m */; };
		84073CE81E17F9890043097B /* AKIVKLoginViewController.xib in Resources */ = {isa = PBXBuildFile; fileRef = 84073CE61E17F9890043097B /* AKIVKLoginViewController.xib */; };
		84073CEC1E17F99B0043097B /* AKIVKMusicViewController.m in Sources */ = {isa = PBXBuildFile; fileRef = 84073CEA1E17F99B0043097B /* AKIVKMusicViewController.m */; };
		84073CED1E17F99B0043097B /* AKIVKMusicViewController.xib in Resources */ = {isa = PBXBuildFile; fileRef = 84073CEB1E17F99B0043097B /* AKIVKMusicViewController.xib */; };
		84073CF01E17F9B30043097B /* AKIVKViewController.m in Sources */ = {isa = PBXBuildFile; fileRef = 84073CEF1E17F9B30043097B /* AKIVKViewController.m */; };
		84073CF41E17FA3D0043097B /* AKIVKMusicView.m in Sources */ = {isa = PBXBuildFile; fileRef = 84073CF31E17FA3D0043097B /* AKIVKMusicView.m */; };
		84073CF81E17FA800043097B /* AKIVKMusicCell.m in Sources */ = {isa = PBXBuildFile; fileRef = 84073CF71E17FA800043097B /* AKIVKMusicCell.m */; };
		84073CFA1E17FA8D0043097B /* AKIVKMusicCell.xib in Resources */ = {isa = PBXBuildFile; fileRef = 84073CF91E17FA8D0043097B /* AKIVKMusicCell.xib */; };
		84073CFD1E1800F60043097B /* AKIGCD.m in Sources */ = {isa = PBXBuildFile; fileRef = 84073CFC1E1800F60043097B /* AKIGCD.m */; };
		84073D001E1801230043097B /* AKIObservableObject.m in Sources */ = {isa = PBXBuildFile; fileRef = 84073CFF1E1801230043097B /* AKIObservableObject.m */; };
		84073D071E18017C0043097B /* AKIView.m in Sources */ = {isa = PBXBuildFile; fileRef = 84073D061E18017C0043097B /* AKIView.m */; };
		84073D101E1801A80043097B /* AKISpinnerView.m in Sources */ = {isa = PBXBuildFile; fileRef = 84073D0E1E1801A80043097B /* AKISpinnerView.m */; };
		84073D111E1801A80043097B /* AKISpinnerView.xib in Resources */ = {isa = PBXBuildFile; fileRef = 84073D0F1E1801A80043097B /* AKISpinnerView.xib */; };
		84073D141E1801CA0043097B /* AKIModel.m in Sources */ = {isa = PBXBuildFile; fileRef = 84073D131E1801CA0043097B /* AKIModel.m */; };
		84073D421E1801EC0043097B /* JSON+AKIExtensions.m in Sources */ = {isa = PBXBuildFile; fileRef = 84073D1D1E1801EC0043097B /* JSON+AKIExtensions.m */; };
		84073D431E1801EC0043097B /* NSArray+AKIExtensions.m in Sources */ = {isa = PBXBuildFile; fileRef = 84073D201E1801EC0043097B /* NSArray+AKIExtensions.m */; };
		84073D441E1801EC0043097B /* NSBundle+AKIExtensions.m in Sources */ = {isa = PBXBuildFile; fileRef = 84073D231E1801EC0043097B /* NSBundle+AKIExtensions.m */; };
		84073D451E1801EC0043097B /* NSFileManager+AKIExtensions.m in Sources */ = {isa = PBXBuildFile; fileRef = 84073D261E1801EC0043097B /* NSFileManager+AKIExtensions.m */; };
		84073D461E1801EC0043097B /* NSMutableArray+AKIExtension.m in Sources */ = {isa = PBXBuildFile; fileRef = 84073D291E1801EC0043097B /* NSMutableArray+AKIExtension.m */; };
		84073D471E1801EC0043097B /* NSNotificationCenter+AKIExtensions.m in Sources */ = {isa = PBXBuildFile; fileRef = 84073D2C1E1801EC0043097B /* NSNotificationCenter+AKIExtensions.m */; };
		84073D481E1801EC0043097B /* NSObject+AKIExtensions.m in Sources */ = {isa = PBXBuildFile; fileRef = 84073D2F1E1801EC0043097B /* NSObject+AKIExtensions.m */; };
		84073D491E1801EC0043097B /* NSString+AKIExtensions.m in Sources */ = {isa = PBXBuildFile; fileRef = 84073D321E1801EC0043097B /* NSString+AKIExtensions.m */; };
		84073D4A1E1801ED0043097B /* UINib+AKIExtensions.m in Sources */ = {isa = PBXBuildFile; fileRef = 84073D351E1801EC0043097B /* UINib+AKIExtensions.m */; };
		84073D4B1E1801ED0043097B /* AKIArrayChangeModel+AKIExtensions.m in Sources */ = {isa = PBXBuildFile; fileRef = 84073D391E1801EC0043097B /* AKIArrayChangeModel+AKIExtensions.m */; };
		84073D4C1E1801ED0043097B /* UITableView+AKIExtensions.m in Sources */ = {isa = PBXBuildFile; fileRef = 84073D3B1E1801EC0043097B /* UITableView+AKIExtensions.m */; };
		84073D4D1E1801ED0043097B /* UIViewController+AKIExtensions.m in Sources */ = {isa = PBXBuildFile; fileRef = 84073D3E1E1801EC0043097B /* UIViewController+AKIExtensions.m */; };
		84073D4E1E1801ED0043097B /* UIWindow+AKIExtensions.m in Sources */ = {isa = PBXBuildFile; fileRef = 84073D411E1801EC0043097B /* UIWindow+AKIExtensions.m */; };
		84073D551E1802080043097B /* AKIArrayModel.m in Sources */ = {isa = PBXBuildFile; fileRef = 84073D511E1802080043097B /* AKIArrayModel.m */; };
		84073D561E1802080043097B /* AKIUsersArrayModel.m in Sources */ = {isa = PBXBuildFile; fileRef = 84073D541E1802080043097B /* AKIUsersArrayModel.m */; };
		84073D5A1E1802100043097B /* AKIUser.m in Sources */ = {isa = PBXBuildFile; fileRef = 84073D591E1802100043097B /* AKIUser.m */; };
		84073D5D1E1804F90043097B /* AKIMacro.m in Sources */ = {isa = PBXBuildFile; fileRef = 84073D5C1E1804F90043097B /* AKIMacro.m */; };
/* End PBXBuildFile section */

/* Begin PBXFileReference section */
		84073CB11E17F6C50043097B /* vkmusic.app */ = {isa = PBXFileReference; explicitFileType = wrapper.application; includeInIndex = 0; path = vkmusic.app; sourceTree = BUILT_PRODUCTS_DIR; };
		84073CB51E17F6C50043097B /* main.m */ = {isa = PBXFileReference; lastKnownFileType = sourcecode.c.objc; path = main.m; sourceTree = "<group>"; };
		84073CB71E17F6C50043097B /* AKIAppDelegate.h */ = {isa = PBXFileReference; lastKnownFileType = sourcecode.c.h; path = AKIAppDelegate.h; sourceTree = "<group>"; };
		84073CB81E17F6C50043097B /* AKIAppDelegate.m */ = {isa = PBXFileReference; lastKnownFileType = sourcecode.c.objc; path = AKIAppDelegate.m; sourceTree = "<group>"; };
		84073CBE1E17F6C50043097B /* Base */ = {isa = PBXFileReference; lastKnownFileType = file.storyboard; name = Base; path = Base.lproj/Main.storyboard; sourceTree = "<group>"; };
		84073CC01E17F6C50043097B /* Assets.xcassets */ = {isa = PBXFileReference; lastKnownFileType = folder.assetcatalog; path = Assets.xcassets; sourceTree = "<group>"; };
		84073CC31E17F6C50043097B /* Base */ = {isa = PBXFileReference; lastKnownFileType = file.storyboard; name = Base; path = Base.lproj/LaunchScreen.storyboard; sourceTree = "<group>"; };
		84073CC51E17F6C50043097B /* Info.plist */ = {isa = PBXFileReference; lastKnownFileType = text.plist.xml; path = Info.plist; sourceTree = "<group>"; };
		84073CE11E17F9640043097B /* AKIAbstractViewController.h */ = {isa = PBXFileReference; fileEncoding = 4; lastKnownFileType = sourcecode.c.h; path = AKIAbstractViewController.h; sourceTree = "<group>"; };
		84073CE21E17F9640043097B /* AKIAbstractViewController.m */ = {isa = PBXFileReference; fileEncoding = 4; lastKnownFileType = sourcecode.c.objc; path = AKIAbstractViewController.m; sourceTree = "<group>"; };
		84073CE41E17F9890043097B /* AKIVKLoginViewController.h */ = {isa = PBXFileReference; fileEncoding = 4; lastKnownFileType = sourcecode.c.h; path = AKIVKLoginViewController.h; sourceTree = "<group>"; };
		84073CE51E17F9890043097B /* AKIVKLoginViewController.m */ = {isa = PBXFileReference; fileEncoding = 4; lastKnownFileType = sourcecode.c.objc; path = AKIVKLoginViewController.m; sourceTree = "<group>"; };
		84073CE61E17F9890043097B /* AKIVKLoginViewController.xib */ = {isa = PBXFileReference; fileEncoding = 4; lastKnownFileType = file.xib; path = AKIVKLoginViewController.xib; sourceTree = "<group>"; };
		84073CE91E17F99B0043097B /* AKIVKMusicViewController.h */ = {isa = PBXFileReference; fileEncoding = 4; lastKnownFileType = sourcecode.c.h; path = AKIVKMusicViewController.h; sourceTree = "<group>"; };
		84073CEA1E17F99B0043097B /* AKIVKMusicViewController.m */ = {isa = PBXFileReference; fileEncoding = 4; lastKnownFileType = sourcecode.c.objc; path = AKIVKMusicViewController.m; sourceTree = "<group>"; };
		84073CEB1E17F99B0043097B /* AKIVKMusicViewController.xib */ = {isa = PBXFileReference; fileEncoding = 4; lastKnownFileType = file.xib; path = AKIVKMusicViewController.xib; sourceTree = "<group>"; };
		84073CEE1E17F9B30043097B /* AKIVKViewController.h */ = {isa = PBXFileReference; fileEncoding = 4; lastKnownFileType = sourcecode.c.h; path = AKIVKViewController.h; sourceTree = "<group>"; };
		84073CEF1E17F9B30043097B /* AKIVKViewController.m */ = {isa = PBXFileReference; fileEncoding = 4; lastKnownFileType = sourcecode.c.objc; path = AKIVKViewController.m; sourceTree = "<group>"; };
		84073CF21E17FA3D0043097B /* AKIVKMusicView.h */ = {isa = PBXFileReference; fileEncoding = 4; lastKnownFileType = sourcecode.c.h; path = AKIVKMusicView.h; sourceTree = "<group>"; };
		84073CF31E17FA3D0043097B /* AKIVKMusicView.m */ = {isa = PBXFileReference; fileEncoding = 4; lastKnownFileType = sourcecode.c.objc; path = AKIVKMusicView.m; sourceTree = "<group>"; };
		84073CF61E17FA800043097B /* AKIVKMusicCell.h */ = {isa = PBXFileReference; fileEncoding = 4; lastKnownFileType = sourcecode.c.h; path = AKIVKMusicCell.h; sourceTree = "<group>"; };
		84073CF71E17FA800043097B /* AKIVKMusicCell.m */ = {isa = PBXFileReference; fileEncoding = 4; lastKnownFileType = sourcecode.c.objc; path = AKIVKMusicCell.m; sourceTree = "<group>"; };
		84073CF91E17FA8D0043097B /* AKIVKMusicCell.xib */ = {isa = PBXFileReference; fileEncoding = 4; lastKnownFileType = file.xib; path = AKIVKMusicCell.xib; sourceTree = "<group>"; };
		84073CFB1E1800F60043097B /* AKIGCD.h */ = {isa = PBXFileReference; fileEncoding = 4; lastKnownFileType = sourcecode.c.h; path = AKIGCD.h; sourceTree = "<group>"; };
		84073CFC1E1800F60043097B /* AKIGCD.m */ = {isa = PBXFileReference; fileEncoding = 4; lastKnownFileType = sourcecode.c.objc; path = AKIGCD.m; sourceTree = "<group>"; };
		84073CFE1E1801230043097B /* AKIObservableObject.h */ = {isa = PBXFileReference; fileEncoding = 4; lastKnownFileType = sourcecode.c.h; path = AKIObservableObject.h; sourceTree = "<group>"; };
		84073CFF1E1801230043097B /* AKIObservableObject.m */ = {isa = PBXFileReference; fileEncoding = 4; lastKnownFileType = sourcecode.c.objc; path = AKIObservableObject.m; sourceTree = "<group>"; };
		84073D051E18017C0043097B /* AKIView.h */ = {isa = PBXFileReference; fileEncoding = 4; lastKnownFileType = sourcecode.c.h; path = AKIView.h; sourceTree = "<group>"; };
		84073D061E18017C0043097B /* AKIView.m */ = {isa = PBXFileReference; fileEncoding = 4; lastKnownFileType = sourcecode.c.objc; path = AKIView.m; sourceTree = "<group>"; };
		84073D0D1E1801A80043097B /* AKISpinnerView.h */ = {isa = PBXFileReference; fileEncoding = 4; lastKnownFileType = sourcecode.c.h; path = AKISpinnerView.h; sourceTree = "<group>"; };
		84073D0E1E1801A80043097B /* AKISpinnerView.m */ = {isa = PBXFileReference; fileEncoding = 4; lastKnownFileType = sourcecode.c.objc; path = AKISpinnerView.m; sourceTree = "<group>"; };
		84073D0F1E1801A80043097B /* AKISpinnerView.xib */ = {isa = PBXFileReference; fileEncoding = 4; lastKnownFileType = file.xib; path = AKISpinnerView.xib; sourceTree = "<group>"; };
		84073D121E1801CA0043097B /* AKIModel.h */ = {isa = PBXFileReference; fileEncoding = 4; lastKnownFileType = sourcecode.c.h; path = AKIModel.h; sourceTree = "<group>"; };
		84073D131E1801CA0043097B /* AKIModel.m */ = {isa = PBXFileReference; fileEncoding = 4; lastKnownFileType = sourcecode.c.objc; path = AKIModel.m; sourceTree = "<group>"; };
		84073D1C1E1801EC0043097B /* JSON+AKIExtensions.h */ = {isa = PBXFileReference; fileEncoding = 4; lastKnownFileType = sourcecode.c.h; path = "JSON+AKIExtensions.h"; sourceTree = "<group>"; };
		84073D1D1E1801EC0043097B /* JSON+AKIExtensions.m */ = {isa = PBXFileReference; fileEncoding = 4; lastKnownFileType = sourcecode.c.objc; path = "JSON+AKIExtensions.m"; sourceTree = "<group>"; };
		84073D1F1E1801EC0043097B /* NSArray+AKIExtensions.h */ = {isa = PBXFileReference; fileEncoding = 4; lastKnownFileType = sourcecode.c.h; path = "NSArray+AKIExtensions.h"; sourceTree = "<group>"; };
		84073D201E1801EC0043097B /* NSArray+AKIExtensions.m */ = {isa = PBXFileReference; fileEncoding = 4; lastKnownFileType = sourcecode.c.objc; path = "NSArray+AKIExtensions.m"; sourceTree = "<group>"; };
		84073D221E1801EC0043097B /* NSBundle+AKIExtensions.h */ = {isa = PBXFileReference; fileEncoding = 4; lastKnownFileType = sourcecode.c.h; path = "NSBundle+AKIExtensions.h"; sourceTree = "<group>"; };
		84073D231E1801EC0043097B /* NSBundle+AKIExtensions.m */ = {isa = PBXFileReference; fileEncoding = 4; lastKnownFileType = sourcecode.c.objc; path = "NSBundle+AKIExtensions.m"; sourceTree = "<group>"; };
		84073D251E1801EC0043097B /* NSFileManager+AKIExtensions.h */ = {isa = PBXFileReference; fileEncoding = 4; lastKnownFileType = sourcecode.c.h; path = "NSFileManager+AKIExtensions.h"; sourceTree = "<group>"; };
		84073D261E1801EC0043097B /* NSFileManager+AKIExtensions.m */ = {isa = PBXFileReference; fileEncoding = 4; lastKnownFileType = sourcecode.c.objc; path = "NSFileManager+AKIExtensions.m"; sourceTree = "<group>"; };
		84073D281E1801EC0043097B /* NSMutableArray+AKIExtension.h */ = {isa = PBXFileReference; fileEncoding = 4; lastKnownFileType = sourcecode.c.h; path = "NSMutableArray+AKIExtension.h"; sourceTree = "<group>"; };
		84073D291E1801EC0043097B /* NSMutableArray+AKIExtension.m */ = {isa = PBXFileReference; fileEncoding = 4; lastKnownFileType = sourcecode.c.objc; path = "NSMutableArray+AKIExtension.m"; sourceTree = "<group>"; };
		84073D2B1E1801EC0043097B /* NSNotificationCenter+AKIExtensions.h */ = {isa = PBXFileReference; fileEncoding = 4; lastKnownFileType = sourcecode.c.h; path = "NSNotificationCenter+AKIExtensions.h"; sourceTree = "<group>"; };
		84073D2C1E1801EC0043097B /* NSNotificationCenter+AKIExtensions.m */ = {isa = PBXFileReference; fileEncoding = 4; lastKnownFileType = sourcecode.c.objc; path = "NSNotificationCenter+AKIExtensions.m"; sourceTree = "<group>"; };
		84073D2E1E1801EC0043097B /* NSObject+AKIExtensions.h */ = {isa = PBXFileReference; fileEncoding = 4; lastKnownFileType = sourcecode.c.h; path = "NSObject+AKIExtensions.h"; sourceTree = "<group>"; };
		84073D2F1E1801EC0043097B /* NSObject+AKIExtensions.m */ = {isa = PBXFileReference; fileEncoding = 4; lastKnownFileType = sourcecode.c.objc; path = "NSObject+AKIExtensions.m"; sourceTree = "<group>"; };
		84073D311E1801EC0043097B /* NSString+AKIExtensions.h */ = {isa = PBXFileReference; fileEncoding = 4; lastKnownFileType = sourcecode.c.h; path = "NSString+AKIExtensions.h"; sourceTree = "<group>"; };
		84073D321E1801EC0043097B /* NSString+AKIExtensions.m */ = {isa = PBXFileReference; fileEncoding = 4; lastKnownFileType = sourcecode.c.objc; path = "NSString+AKIExtensions.m"; sourceTree = "<group>"; };
		84073D341E1801EC0043097B /* UINib+AKIExtensions.h */ = {isa = PBXFileReference; fileEncoding = 4; lastKnownFileType = sourcecode.c.h; path = "UINib+AKIExtensions.h"; sourceTree = "<group>"; };
		84073D351E1801EC0043097B /* UINib+AKIExtensions.m */ = {isa = PBXFileReference; fileEncoding = 4; lastKnownFileType = sourcecode.c.objc; path = "UINib+AKIExtensions.m"; sourceTree = "<group>"; };
		84073D381E1801EC0043097B /* AKIArrayChangeModel+AKIExtensions.h */ = {isa = PBXFileReference; fileEncoding = 4; lastKnownFileType = sourcecode.c.h; path = "AKIArrayChangeModel+AKIExtensions.h"; sourceTree = "<group>"; };
		84073D391E1801EC0043097B /* AKIArrayChangeModel+AKIExtensions.m */ = {isa = PBXFileReference; fileEncoding = 4; lastKnownFileType = sourcecode.c.objc; path = "AKIArrayChangeModel+AKIExtensions.m"; sourceTree = "<group>"; };
		84073D3A1E1801EC0043097B /* UITableView+AKIExtensions.h */ = {isa = PBXFileReference; fileEncoding = 4; lastKnownFileType = sourcecode.c.h; path = "UITableView+AKIExtensions.h"; sourceTree = "<group>"; };
		84073D3B1E1801EC0043097B /* UITableView+AKIExtensions.m */ = {isa = PBXFileReference; fileEncoding = 4; lastKnownFileType = sourcecode.c.objc; path = "UITableView+AKIExtensions.m"; sourceTree = "<group>"; };
		84073D3D1E1801EC0043097B /* UIViewController+AKIExtensions.h */ = {isa = PBXFileReference; fileEncoding = 4; lastKnownFileType = sourcecode.c.h; path = "UIViewController+AKIExtensions.h"; sourceTree = "<group>"; };
		84073D3E1E1801EC0043097B /* UIViewController+AKIExtensions.m */ = {isa = PBXFileReference; fileEncoding = 4; lastKnownFileType = sourcecode.c.objc; path = "UIViewController+AKIExtensions.m"; sourceTree = "<group>"; };
		84073D401E1801EC0043097B /* UIWindow+AKIExtensions.h */ = {isa = PBXFileReference; fileEncoding = 4; lastKnownFileType = sourcecode.c.h; path = "UIWindow+AKIExtensions.h"; sourceTree = "<group>"; };
		84073D411E1801EC0043097B /* UIWindow+AKIExtensions.m */ = {isa = PBXFileReference; fileEncoding = 4; lastKnownFileType = sourcecode.c.objc; path = "UIWindow+AKIExtensions.m"; sourceTree = "<group>"; };
		84073D501E1802080043097B /* AKIArrayModel.h */ = {isa = PBXFileReference; fileEncoding = 4; lastKnownFileType = sourcecode.c.h; path = AKIArrayModel.h; sourceTree = "<group>"; };
		84073D511E1802080043097B /* AKIArrayModel.m */ = {isa = PBXFileReference; fileEncoding = 4; lastKnownFileType = sourcecode.c.objc; path = AKIArrayModel.m; sourceTree = "<group>"; };
		84073D531E1802080043097B /* AKIUsersArrayModel.h */ = {isa = PBXFileReference; fileEncoding = 4; lastKnownFileType = sourcecode.c.h; path = AKIUsersArrayModel.h; sourceTree = "<group>"; };
		84073D541E1802080043097B /* AKIUsersArrayModel.m */ = {isa = PBXFileReference; fileEncoding = 4; lastKnownFileType = sourcecode.c.objc; path = AKIUsersArrayModel.m; sourceTree = "<group>"; };
		84073D581E1802100043097B /* AKIUser.h */ = {isa = PBXFileReference; fileEncoding = 4; lastKnownFileType = sourcecode.c.h; path = AKIUser.h; sourceTree = "<group>"; };
		84073D591E1802100043097B /* AKIUser.m */ = {isa = PBXFileReference; fileEncoding = 4; lastKnownFileType = sourcecode.c.objc; path = AKIUser.m; sourceTree = "<group>"; };
		84073D5B1E1804F90043097B /* AKIMacro.h */ = {isa = PBXFileReference; fileEncoding = 4; lastKnownFileType = sourcecode.c.h; path = AKIMacro.h; sourceTree = "<group>"; };
		84073D5C1E1804F90043097B /* AKIMacro.m */ = {isa = PBXFileReference; fileEncoding = 4; lastKnownFileType = sourcecode.c.objc; path = AKIMacro.m; sourceTree = "<group>"; };
/* End PBXFileReference section */

/* Begin PBXFrameworksBuildPhase section */
		84073CAE1E17F6C50043097B /* Frameworks */ = {
			isa = PBXFrameworksBuildPhase;
			buildActionMask = 2147483647;
			files = (
			);
			runOnlyForDeploymentPostprocessing = 0;
		};
/* End PBXFrameworksBuildPhase section */

/* Begin PBXGroup section */
		84073CA81E17F6C50043097B = {
			isa = PBXGroup;
			children = (
				84073CCC1E17F83E0043097B /* Library */,
				84073CD91E17F83E0043097B /* Source */,
				84073CB31E17F6C50043097B /* vkmusic */,
				84073CB21E17F6C50043097B /* Products */,
			);
			sourceTree = "<group>";
		};
		84073CB21E17F6C50043097B /* Products */ = {
			isa = PBXGroup;
			children = (
				84073CB11E17F6C50043097B /* vkmusic.app */,
			);
			name = Products;
			sourceTree = "<group>";
		};
		84073CB31E17F6C50043097B /* vkmusic */ = {
			isa = PBXGroup;
			children = (
				84073CB71E17F6C50043097B /* AKIAppDelegate.h */,
				84073CB81E17F6C50043097B /* AKIAppDelegate.m */,
				84073CBD1E17F6C50043097B /* Main.storyboard */,
				84073CC01E17F6C50043097B /* Assets.xcassets */,
				84073CC21E17F6C50043097B /* LaunchScreen.storyboard */,
				84073CC51E17F6C50043097B /* Info.plist */,
				84073CB41E17F6C50043097B /* Supporting Files */,
			);
			path = vkmusic;
			sourceTree = "<group>";
		};
		84073CB41E17F6C50043097B /* Supporting Files */ = {
			isa = PBXGroup;
			children = (
				84073CB51E17F6C50043097B /* main.m */,
			);
			name = "Supporting Files";
			sourceTree = "<group>";
		};
		84073CCC1E17F83E0043097B /* Library */ = {
			isa = PBXGroup;
			children = (
				84073CCD1E17F83E0043097B /* AKIConst */,
				84073CCF1E17F83E0043097B /* AKIMacro */,
				84073CD01E17F83E0043097B /* Classes */,
			);
			path = Library;
			sourceTree = "<group>";
		};
		84073CCD1E17F83E0043097B /* AKIConst */ = {
			isa = PBXGroup;
			children = (
				84073CCE1E17F83E0043097B /* AKIVKConst */,
			);
			path = AKIConst;
			sourceTree = "<group>";
		};
		84073CCE1E17F83E0043097B /* AKIVKConst */ = {
			isa = PBXGroup;
			children = (
			);
			path = AKIVKConst;
			sourceTree = "<group>";
		};
		84073CCF1E17F83E0043097B /* AKIMacro */ = {
			isa = PBXGroup;
			children = (
				84073D5B1E1804F90043097B /* AKIMacro.h */,
				84073D5C1E1804F90043097B /* AKIMacro.m */,
			);
			path = AKIMacro;
			sourceTree = "<group>";
		};
		84073CD01E17F83E0043097B /* Classes */ = {
			isa = PBXGroup;
			children = (
				84073CD11E17F83E0043097B /* AKIGCD */,
				84073CD21E17F83E0043097B /* AKIObservableObject */,
				84073CD31E17F83E0043097B /* Models */,
				84073CD61E17F83E0043097B /* Views */,
			);
			path = Classes;
			sourceTree = "<group>";
		};
		84073CD11E17F83E0043097B /* AKIGCD */ = {
			isa = PBXGroup;
			children = (
				84073CFB1E1800F60043097B /* AKIGCD.h */,
				84073CFC1E1800F60043097B /* AKIGCD.m */,
			);
			path = AKIGCD;
			sourceTree = "<group>";
		};
		84073CD21E17F83E0043097B /* AKIObservableObject */ = {
			isa = PBXGroup;
			children = (
				84073CFE1E1801230043097B /* AKIObservableObject.h */,
				84073CFF1E1801230043097B /* AKIObservableObject.m */,
			);
			path = AKIObservableObject;
			sourceTree = "<group>";
		};
		84073CD31E17F83E0043097B /* Models */ = {
			isa = PBXGroup;
			children = (
				84073D571E1802100043097B /* AKIUser */,
				84073D4F1E1802080043097B /* AKIArrayModel */,
				84073CD41E17F83E0043097B /* AKIImage */,
				84073CD51E17F83E0043097B /* AKIModel */,
			);
			path = Models;
			sourceTree = "<group>";
		};
		84073CD41E17F83E0043097B /* AKIImage */ = {
			isa = PBXGroup;
			children = (
			);
			path = AKIImage;
			sourceTree = "<group>";
		};
		84073CD51E17F83E0043097B /* AKIModel */ = {
			isa = PBXGroup;
			children = (
				84073D121E1801CA0043097B /* AKIModel.h */,
				84073D131E1801CA0043097B /* AKIModel.m */,
			);
			path = AKIModel;
			sourceTree = "<group>";
		};
		84073CD61E17F83E0043097B /* Views */ = {
			isa = PBXGroup;
			children = (
				84073CD71E17F83E0043097B /* AKISpinnerView */,
				84073CD81E17F83E0043097B /* AKIView */,
			);
			path = Views;
			sourceTree = "<group>";
		};
		84073CD71E17F83E0043097B /* AKISpinnerView */ = {
			isa = PBXGroup;
			children = (
				84073D0D1E1801A80043097B /* AKISpinnerView.h */,
				84073D0E1E1801A80043097B /* AKISpinnerView.m */,
				84073D0F1E1801A80043097B /* AKISpinnerView.xib */,
			);
			path = AKISpinnerView;
			sourceTree = "<group>";
		};
		84073CD81E17F83E0043097B /* AKIView */ = {
			isa = PBXGroup;
			children = (
				84073D051E18017C0043097B /* AKIView.h */,
				84073D061E18017C0043097B /* AKIView.m */,
			);
			path = AKIView;
			sourceTree = "<group>";
		};
		84073CD91E17F83E0043097B /* Source */ = {
			isa = PBXGroup;
			children = (
				84073CDA1E17F83E0043097B /* Categories */,
				84073CDB1E17F83E0043097B /* Models */,
				84073CDC1E17F83E0043097B /* UI */,
			);
			path = Source;
			sourceTree = "<group>";
		};
		84073CDA1E17F83E0043097B /* Categories */ = {
			isa = PBXGroup;
			children = (
				84073D151E1801EC0043097B /* JSON Serialization */,
				84073D1E1E1801EC0043097B /* NSArray */,
				84073D211E1801EC0043097B /* NSBundle */,
				84073D241E1801EC0043097B /* NSFileManager */,
				84073D271E1801EC0043097B /* NSMutableArray */,
				84073D2A1E1801EC0043097B /* NSNotificationCenter */,
				84073D2D1E1801EC0043097B /* NSObject */,
				84073D301E1801EC0043097B /* NSString */,
				84073D331E1801EC0043097B /* UINib */,
				84073D361E1801EC0043097B /* UITableView */,
				84073D3C1E1801EC0043097B /* UIViewController */,
				84073D3F1E1801EC0043097B /* UIWindow */,
			);
			path = Categories;
			sourceTree = "<group>";
		};
		84073CDB1E17F83E0043097B /* Models */ = {
			isa = PBXGroup;
			children = (
			);
			path = Models;
			sourceTree = "<group>";
		};
		84073CDC1E17F83E0043097B /* UI */ = {
			isa = PBXGroup;
			children = (
				84073CDD1E17F83E0043097B /* AKIAbstractViewController */,
				84073CDE1E17F83E0043097B /* AKIVKViewController */,
			);
			path = UI;
			sourceTree = "<group>";
		};
		84073CDD1E17F83E0043097B /* AKIAbstractViewController */ = {
			isa = PBXGroup;
			children = (
				84073CE11E17F9640043097B /* AKIAbstractViewController.h */,
				84073CE21E17F9640043097B /* AKIAbstractViewController.m */,
			);
			path = AKIAbstractViewController;
			sourceTree = "<group>";
		};
		84073CDE1E17F83E0043097B /* AKIVKViewController */ = {
			isa = PBXGroup;
			children = (
				84073CDF1E17F83E0043097B /* AKIVKLoginViewController */,
				84073CE01E17F83E0043097B /* AKIVKMusicScreenViewController */,
				84073CEE1E17F9B30043097B /* AKIVKViewController.h */,
				84073CEF1E17F9B30043097B /* AKIVKViewController.m */,
			);
			path = AKIVKViewController;
			sourceTree = "<group>";
		};
		84073CDF1E17F83E0043097B /* AKIVKLoginViewController */ = {
			isa = PBXGroup;
			children = (
				84073CE41E17F9890043097B /* AKIVKLoginViewController.h */,
				84073CE51E17F9890043097B /* AKIVKLoginViewController.m */,
				84073CE61E17F9890043097B /* AKIVKLoginViewController.xib */,
			);
			path = AKIVKLoginViewController;
			sourceTree = "<group>";
		};
		84073CE01E17F83E0043097B /* AKIVKMusicScreenViewController */ = {
			isa = PBXGroup;
			children = (
				84073CF51E17FA420043097B /* AKIVKMusicCell */,
				84073CF11E17FA150043097B /* AKIVKMusicView */,
				84073CE91E17F99B0043097B /* AKIVKMusicViewController.h */,
				84073CEA1E17F99B0043097B /* AKIVKMusicViewController.m */,
				84073CEB1E17F99B0043097B /* AKIVKMusicViewController.xib */,
			);
			path = AKIVKMusicScreenViewController;
			sourceTree = "<group>";
		};
		84073CF11E17FA150043097B /* AKIVKMusicView */ = {
			isa = PBXGroup;
			children = (
				84073CF21E17FA3D0043097B /* AKIVKMusicView.h */,
				84073CF31E17FA3D0043097B /* AKIVKMusicView.m */,
			);
			path = AKIVKMusicView;
			sourceTree = "<group>";
		};
		84073CF51E17FA420043097B /* AKIVKMusicCell */ = {
			isa = PBXGroup;
			children = (
				84073CF61E17FA800043097B /* AKIVKMusicCell.h */,
				84073CF71E17FA800043097B /* AKIVKMusicCell.m */,
				84073CF91E17FA8D0043097B /* AKIVKMusicCell.xib */,
			);
			path = AKIVKMusicCell;
			sourceTree = "<group>";
		};
		84073D151E1801EC0043097B /* JSON Serialization */ = {
			isa = PBXGroup;
			children = (
				84073D161E1801EC0043097B /* JSON Types */,
				84073D1C1E1801EC0043097B /* JSON+AKIExtensions.h */,
				84073D1D1E1801EC0043097B /* JSON+AKIExtensions.m */,
			);
			path = "JSON Serialization";
			sourceTree = "<group>";
		};
		84073D161E1801EC0043097B /* JSON Types */ = {
			isa = PBXGroup;
			children = (
				84073D171E1801EC0043097B /* NSArray */,
				84073D181E1801EC0043097B /* NSDictionary */,
				84073D191E1801EC0043097B /* NSNULL */,
				84073D1A1E1801EC0043097B /* NSNumber */,
				84073D1B1E1801EC0043097B /* NSString */,
			);
			path = "JSON Types";
			sourceTree = "<group>";
		};
		84073D171E1801EC0043097B /* NSArray */ = {
			isa = PBXGroup;
			children = (
			);
			path = NSArray;
			sourceTree = "<group>";
		};
		84073D181E1801EC0043097B /* NSDictionary */ = {
			isa = PBXGroup;
			children = (
			);
			path = NSDictionary;
			sourceTree = "<group>";
		};
		84073D191E1801EC0043097B /* NSNULL */ = {
			isa = PBXGroup;
			children = (
			);
			path = NSNULL;
			sourceTree = "<group>";
		};
		84073D1A1E1801EC0043097B /* NSNumber */ = {
			isa = PBXGroup;
			children = (
			);
			path = NSNumber;
			sourceTree = "<group>";
		};
		84073D1B1E1801EC0043097B /* NSString */ = {
			isa = PBXGroup;
			children = (
			);
			path = NSString;
			sourceTree = "<group>";
		};
		84073D1E1E1801EC0043097B /* NSArray */ = {
			isa = PBXGroup;
			children = (
				84073D1F1E1801EC0043097B /* NSArray+AKIExtensions.h */,
				84073D201E1801EC0043097B /* NSArray+AKIExtensions.m */,
			);
			path = NSArray;
			sourceTree = "<group>";
		};
		84073D211E1801EC0043097B /* NSBundle */ = {
			isa = PBXGroup;
			children = (
				84073D221E1801EC0043097B /* NSBundle+AKIExtensions.h */,
				84073D231E1801EC0043097B /* NSBundle+AKIExtensions.m */,
			);
			path = NSBundle;
			sourceTree = "<group>";
		};
		84073D241E1801EC0043097B /* NSFileManager */ = {
			isa = PBXGroup;
			children = (
				84073D251E1801EC0043097B /* NSFileManager+AKIExtensions.h */,
				84073D261E1801EC0043097B /* NSFileManager+AKIExtensions.m */,
			);
			path = NSFileManager;
			sourceTree = "<group>";
		};
		84073D271E1801EC0043097B /* NSMutableArray */ = {
			isa = PBXGroup;
			children = (
				84073D281E1801EC0043097B /* NSMutableArray+AKIExtension.h */,
				84073D291E1801EC0043097B /* NSMutableArray+AKIExtension.m */,
			);
			path = NSMutableArray;
			sourceTree = "<group>";
		};
		84073D2A1E1801EC0043097B /* NSNotificationCenter */ = {
			isa = PBXGroup;
			children = (
				84073D2B1E1801EC0043097B /* NSNotificationCenter+AKIExtensions.h */,
				84073D2C1E1801EC0043097B /* NSNotificationCenter+AKIExtensions.m */,
			);
			path = NSNotificationCenter;
			sourceTree = "<group>";
		};
		84073D2D1E1801EC0043097B /* NSObject */ = {
			isa = PBXGroup;
			children = (
				84073D2E1E1801EC0043097B /* NSObject+AKIExtensions.h */,
				84073D2F1E1801EC0043097B /* NSObject+AKIExtensions.m */,
			);
			path = NSObject;
			sourceTree = "<group>";
		};
		84073D301E1801EC0043097B /* NSString */ = {
			isa = PBXGroup;
			children = (
				84073D311E1801EC0043097B /* NSString+AKIExtensions.h */,
				84073D321E1801EC0043097B /* NSString+AKIExtensions.m */,
			);
			path = NSString;
			sourceTree = "<group>";
		};
		84073D331E1801EC0043097B /* UINib */ = {
			isa = PBXGroup;
			children = (
				84073D341E1801EC0043097B /* UINib+AKIExtensions.h */,
				84073D351E1801EC0043097B /* UINib+AKIExtensions.m */,
			);
			path = UINib;
			sourceTree = "<group>";
		};
		84073D361E1801EC0043097B /* UITableView */ = {
			isa = PBXGroup;
			children = (
				84073D371E1801EC0043097B /* AKIArrayChangeModel */,
				84073D3A1E1801EC0043097B /* UITableView+AKIExtensions.h */,
				84073D3B1E1801EC0043097B /* UITableView+AKIExtensions.m */,
			);
			path = UITableView;
			sourceTree = "<group>";
		};
		84073D371E1801EC0043097B /* AKIArrayChangeModel */ = {
			isa = PBXGroup;
			children = (
				84073D381E1801EC0043097B /* AKIArrayChangeModel+AKIExtensions.h */,
				84073D391E1801EC0043097B /* AKIArrayChangeModel+AKIExtensions.m */,
			);
			path = AKIArrayChangeModel;
			sourceTree = "<group>";
		};
		84073D3C1E1801EC0043097B /* UIViewController */ = {
			isa = PBXGroup;
			children = (
				84073D3D1E1801EC0043097B /* UIViewController+AKIExtensions.h */,
				84073D3E1E1801EC0043097B /* UIViewController+AKIExtensions.m */,
			);
			path = UIViewController;
			sourceTree = "<group>";
		};
		84073D3F1E1801EC0043097B /* UIWindow */ = {
			isa = PBXGroup;
			children = (
				84073D401E1801EC0043097B /* UIWindow+AKIExtensions.h */,
				84073D411E1801EC0043097B /* UIWindow+AKIExtensions.m */,
			);
			path = UIWindow;
			sourceTree = "<group>";
		};
		84073D4F1E1802080043097B /* AKIArrayModel */ = {
			isa = PBXGroup;
			children = (
				84073D501E1802080043097B /* AKIArrayModel.h */,
				84073D511E1802080043097B /* AKIArrayModel.m */,
				84073D521E1802080043097B /* AKIUsersArrayModel */,
			);
			path = AKIArrayModel;
			sourceTree = "<group>";
		};
		84073D521E1802080043097B /* AKIUsersArrayModel */ = {
			isa = PBXGroup;
			children = (
				84073D531E1802080043097B /* AKIUsersArrayModel.h */,
				84073D541E1802080043097B /* AKIUsersArrayModel.m */,
			);
			path = AKIUsersArrayModel;
			sourceTree = "<group>";
		};
		84073D571E1802100043097B /* AKIUser */ = {
			isa = PBXGroup;
			children = (
				84073D581E1802100043097B /* AKIUser.h */,
				84073D591E1802100043097B /* AKIUser.m */,
			);
			path = AKIUser;
			sourceTree = "<group>";
		};
/* End PBXGroup section */

/* Begin PBXNativeTarget section */
		84073CB01E17F6C50043097B /* vkmusic */ = {
			isa = PBXNativeTarget;
			buildConfigurationList = 84073CC81E17F6C50043097B /* Build configuration list for PBXNativeTarget "vkmusic" */;
			buildPhases = (
				84073CAD1E17F6C50043097B /* Sources */,
				84073CAE1E17F6C50043097B /* Frameworks */,
				84073CAF1E17F6C50043097B /* Resources */,
			);
			buildRules = (
			);
			dependencies = (
			);
			name = vkmusic;
			productName = vkmusic;
			productReference = 84073CB11E17F6C50043097B /* vkmusic.app */;
			productType = "com.apple.product-type.application";
		};
/* End PBXNativeTarget section */

/* Begin PBXProject section */
		84073CA91E17F6C50043097B /* Project object */ = {
			isa = PBXProject;
			attributes = {
				LastUpgradeCheck = 0810;
				ORGANIZATIONNAME = "Alexey Khomych";
				TargetAttributes = {
					84073CB01E17F6C50043097B = {
						CreatedOnToolsVersion = 8.1;
						ProvisioningStyle = Automatic;
					};
				};
			};
			buildConfigurationList = 84073CAC1E17F6C50043097B /* Build configuration list for PBXProject "vkmusic" */;
			compatibilityVersion = "Xcode 3.2";
			developmentRegion = English;
			hasScannedForEncodings = 0;
			knownRegions = (
				en,
				Base,
			);
			mainGroup = 84073CA81E17F6C50043097B;
			productRefGroup = 84073CB21E17F6C50043097B /* Products */;
			projectDirPath = "";
			projectRoot = "";
			targets = (
				84073CB01E17F6C50043097B /* vkmusic */,
			);
		};
/* End PBXProject section */

/* Begin PBXResourcesBuildPhase section */
		84073CAF1E17F6C50043097B /* Resources */ = {
			isa = PBXResourcesBuildPhase;
			buildActionMask = 2147483647;
			files = (
				84073CC41E17F6C50043097B /* LaunchScreen.storyboard in Resources */,
				84073CC11E17F6C50043097B /* Assets.xcassets in Resources */,
				84073D111E1801A80043097B /* AKISpinnerView.xib in Resources */,
				84073CFA1E17FA8D0043097B /* AKIVKMusicCell.xib in Resources */,
				84073CED1E17F99B0043097B /* AKIVKMusicViewController.xib in Resources */,
				84073CBF1E17F6C50043097B /* Main.storyboard in Resources */,
				84073CE81E17F9890043097B /* AKIVKLoginViewController.xib in Resources */,
			);
			runOnlyForDeploymentPostprocessing = 0;
		};
/* End PBXResourcesBuildPhase section */

/* Begin PBXSourcesBuildPhase section */
		84073CAD1E17F6C50043097B /* Sources */ = {
			isa = PBXSourcesBuildPhase;
			buildActionMask = 2147483647;
			files = (
				84073D5D1E1804F90043097B /* AKIMacro.m in Sources */,
				84073CB91E17F6C50043097B /* AKIAppDelegate.m in Sources */,
				84073D491E1801EC0043097B /* NSString+AKIExtensions.m in Sources */,
				84073D461E1801EC0043097B /* NSMutableArray+AKIExtension.m in Sources */,
				84073D001E1801230043097B /* AKIObservableObject.m in Sources */,
				84073D071E18017C0043097B /* AKIView.m in Sources */,
				84073CF01E17F9B30043097B /* AKIVKViewController.m in Sources */,
				84073CF81E17FA800043097B /* AKIVKMusicCell.m in Sources */,
				84073D4C1E1801ED0043097B /* UITableView+AKIExtensions.m in Sources */,
				84073D551E1802080043097B /* AKIArrayModel.m in Sources */,
				84073D4A1E1801ED0043097B /* UINib+AKIExtensions.m in Sources */,
				84073CE31E17F9640043097B /* AKIAbstractViewController.m in Sources */,
				84073D481E1801EC0043097B /* NSObject+AKIExtensions.m in Sources */,
				84073CB61E17F6C50043097B /* main.m in Sources */,
				84073D141E1801CA0043097B /* AKIModel.m in Sources */,
				84073D561E1802080043097B /* AKIUsersArrayModel.m in Sources */,
				84073CEC1E17F99B0043097B /* AKIVKMusicViewController.m in Sources */,
				84073CF41E17FA3D0043097B /* AKIVKMusicView.m in Sources */,
				84073D101E1801A80043097B /* AKISpinnerView.m in Sources */,
				84073CFD1E1800F60043097B /* AKIGCD.m in Sources */,
				84073D471E1801EC0043097B /* NSNotificationCenter+AKIExtensions.m in Sources */,
				84073D4B1E1801ED0043097B /* AKIArrayChangeModel+AKIExtensions.m in Sources */,
				84073D4D1E1801ED0043097B /* UIViewController+AKIExtensions.m in Sources */,
				84073D5A1E1802100043097B /* AKIUser.m in Sources */,
				84073CE71E17F9890043097B /* AKIVKLoginViewController.m in Sources */,
				84073D4E1E1801ED0043097B /* UIWindow+AKIExtensions.m in Sources */,
				84073D451E1801EC0043097B /* NSFileManager+AKIExtensions.m in Sources */,
				84073D421E1801EC0043097B /* JSON+AKIExtensions.m in Sources */,
				84073D441E1801EC0043097B /* NSBundle+AKIExtensions.m in Sources */,
				84073D431E1801EC0043097B /* NSArray+AKIExtensions.m in Sources */,
			);
			runOnlyForDeploymentPostprocessing = 0;
		};
/* End PBXSourcesBuildPhase section */

/* Begin PBXVariantGroup section */
		84073CBD1E17F6C50043097B /* Main.storyboard */ = {
			isa = PBXVariantGroup;
			children = (
				84073CBE1E17F6C50043097B /* Base */,
			);
			name = Main.storyboard;
			sourceTree = "<group>";
		};
		84073CC21E17F6C50043097B /* LaunchScreen.storyboard */ = {
			isa = PBXVariantGroup;
			children = (
				84073CC31E17F6C50043097B /* Base */,
			);
			name = LaunchScreen.storyboard;
			sourceTree = "<group>";
		};
/* End PBXVariantGroup section */

/* Begin XCBuildConfiguration section */
		84073CC61E17F6C50043097B /* Debug */ = {
			isa = XCBuildConfiguration;
			buildSettings = {
				ALWAYS_SEARCH_USER_PATHS = NO;
				CLANG_ANALYZER_NONNULL = YES;
				CLANG_CXX_LANGUAGE_STANDARD = "gnu++0x";
				CLANG_CXX_LIBRARY = "libc++";
				CLANG_ENABLE_MODULES = YES;
				CLANG_ENABLE_OBJC_ARC = YES;
				CLANG_WARN_BOOL_CONVERSION = YES;
				CLANG_WARN_CONSTANT_CONVERSION = YES;
				CLANG_WARN_DIRECT_OBJC_ISA_USAGE = YES_ERROR;
				CLANG_WARN_DOCUMENTATION_COMMENTS = YES;
				CLANG_WARN_EMPTY_BODY = YES;
				CLANG_WARN_ENUM_CONVERSION = YES;
				CLANG_WARN_INFINITE_RECURSION = YES;
				CLANG_WARN_INT_CONVERSION = YES;
				CLANG_WARN_OBJC_ROOT_CLASS = YES_ERROR;
				CLANG_WARN_SUSPICIOUS_MOVES = YES;
				CLANG_WARN_UNREACHABLE_CODE = YES;
				CLANG_WARN__DUPLICATE_METHOD_MATCH = YES;
				"CODE_SIGN_IDENTITY[sdk=iphoneos*]" = "iPhone Developer";
				COPY_PHASE_STRIP = NO;
				DEBUG_INFORMATION_FORMAT = dwarf;
				ENABLE_STRICT_OBJC_MSGSEND = YES;
				ENABLE_TESTABILITY = YES;
				GCC_C_LANGUAGE_STANDARD = gnu99;
				GCC_DYNAMIC_NO_PIC = NO;
				GCC_NO_COMMON_BLOCKS = YES;
				GCC_OPTIMIZATION_LEVEL = 0;
				GCC_PREPROCESSOR_DEFINITIONS = (
					"DEBUG=1",
					"$(inherited)",
				);
				GCC_WARN_64_TO_32_BIT_CONVERSION = YES;
				GCC_WARN_ABOUT_RETURN_TYPE = YES_ERROR;
				GCC_WARN_UNDECLARED_SELECTOR = YES;
				GCC_WARN_UNINITIALIZED_AUTOS = YES_AGGRESSIVE;
				GCC_WARN_UNUSED_FUNCTION = YES;
				GCC_WARN_UNUSED_VARIABLE = YES;
				IPHONEOS_DEPLOYMENT_TARGET = 10.1;
				MTL_ENABLE_DEBUG_INFO = YES;
				ONLY_ACTIVE_ARCH = YES;
				SDKROOT = iphoneos;
			};
			name = Debug;
		};
		84073CC71E17F6C50043097B /* Release */ = {
			isa = XCBuildConfiguration;
			buildSettings = {
				ALWAYS_SEARCH_USER_PATHS = NO;
				CLANG_ANALYZER_NONNULL = YES;
				CLANG_CXX_LANGUAGE_STANDARD = "gnu++0x";
				CLANG_CXX_LIBRARY = "libc++";
				CLANG_ENABLE_MODULES = YES;
				CLANG_ENABLE_OBJC_ARC = YES;
				CLANG_WARN_BOOL_CONVERSION = YES;
				CLANG_WARN_CONSTANT_CONVERSION = YES;
				CLANG_WARN_DIRECT_OBJC_ISA_USAGE = YES_ERROR;
				CLANG_WARN_DOCUMENTATION_COMMENTS = YES;
				CLANG_WARN_EMPTY_BODY = YES;
				CLANG_WARN_ENUM_CONVERSION = YES;
				CLANG_WARN_INFINITE_RECURSION = YES;
				CLANG_WARN_INT_CONVERSION = YES;
				CLANG_WARN_OBJC_ROOT_CLASS = YES_ERROR;
				CLANG_WARN_SUSPICIOUS_MOVES = YES;
				CLANG_WARN_UNREACHABLE_CODE = YES;
				CLANG_WARN__DUPLICATE_METHOD_MATCH = YES;
				"CODE_SIGN_IDENTITY[sdk=iphoneos*]" = "iPhone Developer";
				COPY_PHASE_STRIP = NO;
				DEBUG_INFORMATION_FORMAT = "dwarf-with-dsym";
				ENABLE_NS_ASSERTIONS = NO;
				ENABLE_STRICT_OBJC_MSGSEND = YES;
				GCC_C_LANGUAGE_STANDARD = gnu99;
				GCC_NO_COMMON_BLOCKS = YES;
				GCC_WARN_64_TO_32_BIT_CONVERSION = YES;
				GCC_WARN_ABOUT_RETURN_TYPE = YES_ERROR;
				GCC_WARN_UNDECLARED_SELECTOR = YES;
				GCC_WARN_UNINITIALIZED_AUTOS = YES_AGGRESSIVE;
				GCC_WARN_UNUSED_FUNCTION = YES;
				GCC_WARN_UNUSED_VARIABLE = YES;
				IPHONEOS_DEPLOYMENT_TARGET = 10.1;
				MTL_ENABLE_DEBUG_INFO = NO;
				SDKROOT = iphoneos;
				VALIDATE_PRODUCT = YES;
			};
			name = Release;
		};
		84073CC91E17F6C50043097B /* Debug */ = {
			isa = XCBuildConfiguration;
			buildSettings = {
				ASSETCATALOG_COMPILER_APPICON_NAME = AppIcon;
				INFOPLIST_FILE = vkmusic/Info.plist;
				IPHONEOS_DEPLOYMENT_TARGET = 9.0;
				LD_RUNPATH_SEARCH_PATHS = "$(inherited) @executable_path/Frameworks";
				PRODUCT_BUNDLE_IDENTIFIER = AKI.vkmusic;
				PRODUCT_NAME = "$(TARGET_NAME)";
			};
			name = Debug;
		};
		84073CCA1E17F6C50043097B /* Release */ = {
			isa = XCBuildConfiguration;
			buildSettings = {
				ASSETCATALOG_COMPILER_APPICON_NAME = AppIcon;
				INFOPLIST_FILE = vkmusic/Info.plist;
				IPHONEOS_DEPLOYMENT_TARGET = 9.0;
				LD_RUNPATH_SEARCH_PATHS = "$(inherited) @executable_path/Frameworks";
				PRODUCT_BUNDLE_IDENTIFIER = AKI.vkmusic;
				PRODUCT_NAME = "$(TARGET_NAME)";
			};
			name = Release;
		};
/* End XCBuildConfiguration section */

/* Begin XCConfigurationList section */
		84073CAC1E17F6C50043097B /* Build configuration list for PBXProject "vkmusic" */ = {
			isa = XCConfigurationList;
			buildConfigurations = (
				84073CC61E17F6C50043097B /* Debug */,
				84073CC71E17F6C50043097B /* Release */,
			);
			defaultConfigurationIsVisible = 0;
			defaultConfigurationName = Release;
		};
		84073CC81E17F6C50043097B /* Build configuration list for PBXNativeTarget "vkmusic" */ = {
			isa = XCConfigurationList;
			buildConfigurations = (
				84073CC91E17F6C50043097B /* Debug */,
				84073CCA1E17F6C50043097B /* Release */,
			);
			defaultConfigurationIsVisible = 0;
		};
/* End XCConfigurationList section */
	};
	rootObject = 84073CA91E17F6C50043097B /* Project object */;
}
